
Microsoft Visual Studio Solution File, Format Version 12.00
# Visual Studio Version 17
VisualStudioVersion = 17.2.32630.192
MinimumVisualStudioVersion = 10.0.40219.1
Project("{8BC9CEB8-8B4A-11D0-8D11-00A0C91BC942}") = "text_1029_1(2048第三版)", "text_1029_1(2048第三版).vcxproj", "{613A4A87-96BA-4954-9B3F-A7D3E3FCA1DC}"
EndProject
Global
	GlobalSection(SolutionConfigurationPlatforms) = preSolution
		Debug|x64 = Debug|x64
		Debug|x86 = Debug|x86
		Release|x64 = Release|x64
		Release|x86 = Release|x86
	EndGlobalSection
	GlobalSection(ProjectConfigurationPlatforms) = postSolution
		{613A4A87-96BA-4954-9B3F-A7D3E3FCA1DC}.Debug|x64.ActiveCfg = Debug|x64
		{613A4A87-96BA-4954-9B3F-A7D3E3FCA1DC}.Debug|x64.Build.0 = Debug|x64
		{613A4A87-96BA-4954-9B3F-A7D3E3FCA1DC}.Debug|x86.ActiveCfg = Debug|Win32
		{613A4A87-96BA-4954-9B3F-A7D3E3FCA1DC}.Debug|x86.Build.0 = Debug|Win32
		{613A4A87-96BA-4954-9B3F-A7D3E3FCA1DC}.Release|x64.ActiveCfg = Release|x64
		{613A4A87-96BA-4954-9B3F-A7D3E3FCA1DC}.Release|x64.Build.0 = Release|x64
		{613A4A87-96BA-4954-9B3F-A7D3E3FCA1DC}.Release|x86.ActiveCfg = Release|Win32
		{613A4A87-96BA-4954-9B3F-A7D3E3FCA1DC}.Release|x86.Build.0 = Release|Win32
	EndGlobalSection
	GlobalSection(SolutionProperties) = preSolution
		HideSolutionNode = FALSE
	EndGlobalSection
	GlobalSection(ExtensibilityGlobals) = postSolution
		SolutionGuid = {CE6B7082-D1DE-443E-BCBB-6FFD5C456EBB}
	EndGlobalSection
EndGlobal
