
Microsoft Visual Studio Solution File, Format Version 12.00
# Visual Studio Version 17
VisualStudioVersion = 17.2.32630.192
MinimumVisualStudioVersion = 10.0.40219.1
Project("{8BC9CEB8-8B4A-11D0-8D11-00A0C91BC942}") = "text_1128_3", "text_1128_3.vcxproj", "{B2E24C9D-B4E9-4BF9-9883-B5D1DB3F6B53}"
EndProject
Global
	GlobalSection(SolutionConfigurationPlatforms) = preSolution
		Debug|x64 = Debug|x64
		Debug|x86 = Debug|x86
		Release|x64 = Release|x64
		Release|x86 = Release|x86
	EndGlobalSection
	GlobalSection(ProjectConfigurationPlatforms) = postSolution
		{B2E24C9D-B4E9-4BF9-9883-B5D1DB3F6B53}.Debug|x64.ActiveCfg = Debug|x64
		{B2E24C9D-B4E9-4BF9-9883-B5D1DB3F6B53}.Debug|x64.Build.0 = Debug|x64
		{B2E24C9D-B4E9-4BF9-9883-B5D1DB3F6B53}.Debug|x86.ActiveCfg = Debug|Win32
		{B2E24C9D-B4E9-4BF9-9883-B5D1DB3F6B53}.Debug|x86.Build.0 = Debug|Win32
		{B2E24C9D-B4E9-4BF9-9883-B5D1DB3F6B53}.Release|x64.ActiveCfg = Release|x64
		{B2E24C9D-B4E9-4BF9-9883-B5D1DB3F6B53}.Release|x64.Build.0 = Release|x64
		{B2E24C9D-B4E9-4BF9-9883-B5D1DB3F6B53}.Release|x86.ActiveCfg = Release|Win32
		{B2E24C9D-B4E9-4BF9-9883-B5D1DB3F6B53}.Release|x86.Build.0 = Release|Win32
	EndGlobalSection
	GlobalSection(SolutionProperties) = preSolution
		HideSolutionNode = FALSE
	EndGlobalSection
	GlobalSection(ExtensibilityGlobals) = postSolution
		SolutionGuid = {18743E83-5F15-4F02-A13E-F102E646706C}
	EndGlobalSection
EndGlobal
