
Microsoft Visual Studio Solution File, Format Version 12.00
# Visual Studio Version 17
VisualStudioVersion = 17.2.32630.192
MinimumVisualStudioVersion = 10.0.40219.1
Project("{8BC9CEB8-8B4A-11D0-8D11-00A0C91BC942}") = "text_0830_1(2048)", "text_0830_1(2048).vcxproj", "{FE873405-6753-4EE7-9AB9-C1BAE09F79ED}"
EndProject
Global
	GlobalSection(SolutionConfigurationPlatforms) = preSolution
		Debug|x64 = Debug|x64
		Debug|x86 = Debug|x86
		Release|x64 = Release|x64
		Release|x86 = Release|x86
	EndGlobalSection
	GlobalSection(ProjectConfigurationPlatforms) = postSolution
		{FE873405-6753-4EE7-9AB9-C1BAE09F79ED}.Debug|x64.ActiveCfg = Debug|x64
		{FE873405-6753-4EE7-9AB9-C1BAE09F79ED}.Debug|x64.Build.0 = Debug|x64
		{FE873405-6753-4EE7-9AB9-C1BAE09F79ED}.Debug|x86.ActiveCfg = Debug|Win32
		{FE873405-6753-4EE7-9AB9-C1BAE09F79ED}.Debug|x86.Build.0 = Debug|Win32
		{FE873405-6753-4EE7-9AB9-C1BAE09F79ED}.Release|x64.ActiveCfg = Release|x64
		{FE873405-6753-4EE7-9AB9-C1BAE09F79ED}.Release|x64.Build.0 = Release|x64
		{FE873405-6753-4EE7-9AB9-C1BAE09F79ED}.Release|x86.ActiveCfg = Release|Win32
		{FE873405-6753-4EE7-9AB9-C1BAE09F79ED}.Release|x86.Build.0 = Release|Win32
	EndGlobalSection
	GlobalSection(SolutionProperties) = preSolution
		HideSolutionNode = FALSE
	EndGlobalSection
	GlobalSection(ExtensibilityGlobals) = postSolution
		SolutionGuid = {2C3D69D1-0E6E-43C8-85D9-B7608982C7D8}
	EndGlobalSection
EndGlobal
