
Microsoft Visual Studio Solution File, Format Version 12.00
# Visual Studio Version 17
VisualStudioVersion = 17.2.32630.192
MinimumVisualStudioVersion = 10.0.40219.1
Project("{8BC9CEB8-8B4A-11D0-8D11-00A0C91BC942}") = "text_0924_2", "text_0924_2.vcxproj", "{C488F3B3-FA5E-4BE4-A3E9-6DA612E2A8E4}"
EndProject
Global
	GlobalSection(SolutionConfigurationPlatforms) = preSolution
		Debug|x64 = Debug|x64
		Debug|x86 = Debug|x86
		Release|x64 = Release|x64
		Release|x86 = Release|x86
	EndGlobalSection
	GlobalSection(ProjectConfigurationPlatforms) = postSolution
		{C488F3B3-FA5E-4BE4-A3E9-6DA612E2A8E4}.Debug|x64.ActiveCfg = Debug|x64
		{C488F3B3-FA5E-4BE4-A3E9-6DA612E2A8E4}.Debug|x64.Build.0 = Debug|x64
		{C488F3B3-FA5E-4BE4-A3E9-6DA612E2A8E4}.Debug|x86.ActiveCfg = Debug|Win32
		{C488F3B3-FA5E-4BE4-A3E9-6DA612E2A8E4}.Debug|x86.Build.0 = Debug|Win32
		{C488F3B3-FA5E-4BE4-A3E9-6DA612E2A8E4}.Release|x64.ActiveCfg = Release|x64
		{C488F3B3-FA5E-4BE4-A3E9-6DA612E2A8E4}.Release|x64.Build.0 = Release|x64
		{C488F3B3-FA5E-4BE4-A3E9-6DA612E2A8E4}.Release|x86.ActiveCfg = Release|Win32
		{C488F3B3-FA5E-4BE4-A3E9-6DA612E2A8E4}.Release|x86.Build.0 = Release|Win32
	EndGlobalSection
	GlobalSection(SolutionProperties) = preSolution
		HideSolutionNode = FALSE
	EndGlobalSection
	GlobalSection(ExtensibilityGlobals) = postSolution
		SolutionGuid = {6A43F4E8-C4D6-4E31-ACA8-02C4B3C75DA8}
	EndGlobalSection
EndGlobal
