
Microsoft Visual Studio Solution File, Format Version 12.00
# Visual Studio Version 17
VisualStudioVersion = 17.2.32630.192
MinimumVisualStudioVersion = 10.0.40219.1
Project("{8BC9CEB8-8B4A-11D0-8D11-00A0C91BC942}") = "text_0917_1", "text_0917_1.vcxproj", "{CF665706-F3A7-4824-99E3-6CC331C6E529}"
EndProject
Global
	GlobalSection(SolutionConfigurationPlatforms) = preSolution
		Debug|x64 = Debug|x64
		Debug|x86 = Debug|x86
		Release|x64 = Release|x64
		Release|x86 = Release|x86
	EndGlobalSection
	GlobalSection(ProjectConfigurationPlatforms) = postSolution
		{CF665706-F3A7-4824-99E3-6CC331C6E529}.Debug|x64.ActiveCfg = Debug|x64
		{CF665706-F3A7-4824-99E3-6CC331C6E529}.Debug|x64.Build.0 = Debug|x64
		{CF665706-F3A7-4824-99E3-6CC331C6E529}.Debug|x86.ActiveCfg = Debug|Win32
		{CF665706-F3A7-4824-99E3-6CC331C6E529}.Debug|x86.Build.0 = Debug|Win32
		{CF665706-F3A7-4824-99E3-6CC331C6E529}.Release|x64.ActiveCfg = Release|x64
		{CF665706-F3A7-4824-99E3-6CC331C6E529}.Release|x64.Build.0 = Release|x64
		{CF665706-F3A7-4824-99E3-6CC331C6E529}.Release|x86.ActiveCfg = Release|Win32
		{CF665706-F3A7-4824-99E3-6CC331C6E529}.Release|x86.Build.0 = Release|Win32
	EndGlobalSection
	GlobalSection(SolutionProperties) = preSolution
		HideSolutionNode = FALSE
	EndGlobalSection
	GlobalSection(ExtensibilityGlobals) = postSolution
		SolutionGuid = {78BD65E0-DFB9-4CAD-AA10-ECDA1D9AF8A7}
	EndGlobalSection
EndGlobal
