
Microsoft Visual Studio Solution File, Format Version 12.00
# Visual Studio Version 17
VisualStudioVersion = 17.2.32630.192
MinimumVisualStudioVersion = 10.0.40219.1
Project("{8BC9CEB8-8B4A-11D0-8D11-00A0C91BC942}") = "text_0821_3", "text_0821_3.vcxproj", "{E0D77D02-BB6A-45C3-A146-1C35B20BAFDB}"
EndProject
Global
	GlobalSection(SolutionConfigurationPlatforms) = preSolution
		Debug|x64 = Debug|x64
		Debug|x86 = Debug|x86
		Release|x64 = Release|x64
		Release|x86 = Release|x86
	EndGlobalSection
	GlobalSection(ProjectConfigurationPlatforms) = postSolution
		{E0D77D02-BB6A-45C3-A146-1C35B20BAFDB}.Debug|x64.ActiveCfg = Debug|x64
		{E0D77D02-BB6A-45C3-A146-1C35B20BAFDB}.Debug|x64.Build.0 = Debug|x64
		{E0D77D02-BB6A-45C3-A146-1C35B20BAFDB}.Debug|x86.ActiveCfg = Debug|Win32
		{E0D77D02-BB6A-45C3-A146-1C35B20BAFDB}.Debug|x86.Build.0 = Debug|Win32
		{E0D77D02-BB6A-45C3-A146-1C35B20BAFDB}.Release|x64.ActiveCfg = Release|x64
		{E0D77D02-BB6A-45C3-A146-1C35B20BAFDB}.Release|x64.Build.0 = Release|x64
		{E0D77D02-BB6A-45C3-A146-1C35B20BAFDB}.Release|x86.ActiveCfg = Release|Win32
		{E0D77D02-BB6A-45C3-A146-1C35B20BAFDB}.Release|x86.Build.0 = Release|Win32
	EndGlobalSection
	GlobalSection(SolutionProperties) = preSolution
		HideSolutionNode = FALSE
	EndGlobalSection
	GlobalSection(ExtensibilityGlobals) = postSolution
		SolutionGuid = {E35F75EC-8831-436F-99D7-5C89A3EB9F6E}
	EndGlobalSection
EndGlobal
