
Microsoft Visual Studio Solution File, Format Version 12.00
# Visual Studio Version 17
VisualStudioVersion = 17.2.32630.192
MinimumVisualStudioVersion = 10.0.40219.1
Project("{8BC9CEB8-8B4A-11D0-8D11-00A0C91BC942}") = "text_1209_1", "text_1209_1.vcxproj", "{B6B6D9E1-0DB8-43AC-8D88-EF572CF986A4}"
EndProject
Global
	GlobalSection(SolutionConfigurationPlatforms) = preSolution
		Debug|x64 = Debug|x64
		Debug|x86 = Debug|x86
		Release|x64 = Release|x64
		Release|x86 = Release|x86
	EndGlobalSection
	GlobalSection(ProjectConfigurationPlatforms) = postSolution
		{B6B6D9E1-0DB8-43AC-8D88-EF572CF986A4}.Debug|x64.ActiveCfg = Debug|x64
		{B6B6D9E1-0DB8-43AC-8D88-EF572CF986A4}.Debug|x64.Build.0 = Debug|x64
		{B6B6D9E1-0DB8-43AC-8D88-EF572CF986A4}.Debug|x86.ActiveCfg = Debug|Win32
		{B6B6D9E1-0DB8-43AC-8D88-EF572CF986A4}.Debug|x86.Build.0 = Debug|Win32
		{B6B6D9E1-0DB8-43AC-8D88-EF572CF986A4}.Release|x64.ActiveCfg = Release|x64
		{B6B6D9E1-0DB8-43AC-8D88-EF572CF986A4}.Release|x64.Build.0 = Release|x64
		{B6B6D9E1-0DB8-43AC-8D88-EF572CF986A4}.Release|x86.ActiveCfg = Release|Win32
		{B6B6D9E1-0DB8-43AC-8D88-EF572CF986A4}.Release|x86.Build.0 = Release|Win32
	EndGlobalSection
	GlobalSection(SolutionProperties) = preSolution
		HideSolutionNode = FALSE
	EndGlobalSection
	GlobalSection(ExtensibilityGlobals) = postSolution
		SolutionGuid = {14532817-DE97-4915-A9EE-BCE792DDAAEC}
	EndGlobalSection
EndGlobal
