
Microsoft Visual Studio Solution File, Format Version 12.00
# Visual Studio Version 17
VisualStudioVersion = 17.2.32630.192
MinimumVisualStudioVersion = 10.0.40219.1
Project("{8BC9CEB8-8B4A-11D0-8D11-00A0C91BC942}") = "text_0801", "text_0801.vcxproj", "{78057CA0-26F4-440D-AD4D-A193A5E16F7D}"
EndProject
Global
	GlobalSection(SolutionConfigurationPlatforms) = preSolution
		Debug|x64 = Debug|x64
		Debug|x86 = Debug|x86
		Release|x64 = Release|x64
		Release|x86 = Release|x86
	EndGlobalSection
	GlobalSection(ProjectConfigurationPlatforms) = postSolution
		{78057CA0-26F4-440D-AD4D-A193A5E16F7D}.Debug|x64.ActiveCfg = Debug|x64
		{78057CA0-26F4-440D-AD4D-A193A5E16F7D}.Debug|x64.Build.0 = Debug|x64
		{78057CA0-26F4-440D-AD4D-A193A5E16F7D}.Debug|x86.ActiveCfg = Debug|Win32
		{78057CA0-26F4-440D-AD4D-A193A5E16F7D}.Debug|x86.Build.0 = Debug|Win32
		{78057CA0-26F4-440D-AD4D-A193A5E16F7D}.Release|x64.ActiveCfg = Release|x64
		{78057CA0-26F4-440D-AD4D-A193A5E16F7D}.Release|x64.Build.0 = Release|x64
		{78057CA0-26F4-440D-AD4D-A193A5E16F7D}.Release|x86.ActiveCfg = Release|Win32
		{78057CA0-26F4-440D-AD4D-A193A5E16F7D}.Release|x86.Build.0 = Release|Win32
	EndGlobalSection
	GlobalSection(SolutionProperties) = preSolution
		HideSolutionNode = FALSE
	EndGlobalSection
	GlobalSection(ExtensibilityGlobals) = postSolution
		SolutionGuid = {8EBC74CB-6BA1-4B7D-8B19-6EE10C6507B9}
	EndGlobalSection
EndGlobal
